// !$*UTF8*$!
{
	archiveVersion = 1;
	classes = {
	};
	objectVersion = 56;
	objects = {

/* Begin PBXBuildFile section */
		0B7D927029EEA03400A1504A /* AppDelegate.swift in Sources */ = {isa = PBXBuildFile; fileRef = 0B7D926F29EEA03400A1504A /* AppDelegate.swift */; };
		0B7D927229EEA03400A1504A /* SceneDelegate.swift in Sources */ = {isa = PBXBuildFile; fileRef = 0B7D927129EEA03400A1504A /* SceneDelegate.swift */; };
		0B7D927429EEA03400A1504A /* ViewController.swift in Sources */ = {isa = PBXBuildFile; fileRef = 0B7D927329EEA03400A1504A /* ViewController.swift */; };
		0B7D927929EEA03600A1504A /* Assets.xcassets in Resources */ = {isa = PBXBuildFile; fileRef = 0B7D927829EEA03600A1504A /* Assets.xcassets */; };
		0B7D927C29EEA03600A1504A /* LaunchScreen.storyboard in Resources */ = {isa = PBXBuildFile; fileRef = 0B7D927A29EEA03600A1504A /* LaunchScreen.storyboard */; };
		0B7D928929F1798400A1504A /* R.generated.swift in Sources */ = {isa = PBXBuildFile; fileRef = 0B7D928829F1798400A1504A /* R.generated.swift */; };
		9CA84352A9B380B64FD1567D /* Pods_WorkTimeApp.framework in Frameworks */ = {isa = PBXBuildFile; fileRef = 06F39144500794B756D6FBCE /* Pods_WorkTimeApp.framework */; };
/* End PBXBuildFile section */

/* Begin PBXFileReference section */
		06F39144500794B756D6FBCE /* Pods_WorkTimeApp.framework */ = {isa = PBXFileReference; explicitFileType = wrapper.framework; includeInIndex = 0; path = Pods_WorkTimeApp.framework; sourceTree = BUILT_PRODUCTS_DIR; };
		0B7D926C29EEA03400A1504A /* WorkTimeApp.app */ = {isa = PBXFileReference; explicitFileType = wrapper.application; includeInIndex = 0; path = WorkTimeApp.app; sourceTree = BUILT_PRODUCTS_DIR; };
		0B7D926F29EEA03400A1504A /* AppDelegate.swift */ = {isa = PBXFileReference; lastKnownFileType = sourcecode.swift; path = AppDelegate.swift; sourceTree = "<group>"; };
		0B7D927129EEA03400A1504A /* SceneDelegate.swift */ = {isa = PBXFileReference; lastKnownFileType = sourcecode.swift; path = SceneDelegate.swift; sourceTree = "<group>"; };
		0B7D927329EEA03400A1504A /* ViewController.swift */ = {isa = PBXFileReference; lastKnownFileType = sourcecode.swift; path = ViewController.swift; sourceTree = "<group>"; };
		0B7D927829EEA03600A1504A /* Assets.xcassets */ = {isa = PBXFileReference; lastKnownFileType = folder.assetcatalog; path = Assets.xcassets; sourceTree = "<group>"; };
		0B7D927B29EEA03600A1504A /* Base */ = {isa = PBXFileReference; lastKnownFileType = file.storyboard; name = Base; path = Base.lproj/LaunchScreen.storyboard; sourceTree = "<group>"; };
		0B7D927D29EEA03600A1504A /* Info.plist */ = {isa = PBXFileReference; lastKnownFileType = text.plist.xml; path = Info.plist; sourceTree = "<group>"; };
		0B7D928829F1798400A1504A /* R.generated.swift */ = {isa = PBXFileReference; fileEncoding = 4; lastKnownFileType = sourcecode.swift; path = R.generated.swift; sourceTree = "<group>"; };
		723438520060D203B74F79A7 /* Pods-WorkTimeApp.release.xcconfig */ = {isa = PBXFileReference; includeInIndex = 1; lastKnownFileType = text.xcconfig; name = "Pods-WorkTimeApp.release.xcconfig"; path = "Target Support Files/Pods-WorkTimeApp/Pods-WorkTimeApp.release.xcconfig"; sourceTree = "<group>"; };
		9DAED0A3BDD44DBA00561811 /* Pods-WorkTimeApp.debug.xcconfig */ = {isa = PBXFileReference; includeInIndex = 1; lastKnownFileType = text.xcconfig; name = "Pods-WorkTimeApp.debug.xcconfig"; path = "Target Support Files/Pods-WorkTimeApp/Pods-WorkTimeApp.debug.xcconfig"; sourceTree = "<group>"; };
/* End PBXFileReference section */

/* Begin PBXFrameworksBuildPhase section */
		0B7D926929EEA03400A1504A /* Frameworks */ = {
			isa = PBXFrameworksBuildPhase;
			buildActionMask = 2147483647;
			files = (
				9CA84352A9B380B64FD1567D /* Pods_WorkTimeApp.framework in Frameworks */,
			);
			runOnlyForDeploymentPostprocessing = 0;
		};
/* End PBXFrameworksBuildPhase section */

/* Begin PBXGroup section */
		0B7D926329EEA03300A1504A = {
			isa = PBXGroup;
			children = (
				0B7D926E29EEA03400A1504A /* WorkTimeApp */,
				0B7D926D29EEA03400A1504A /* Products */,
				CE761340011E81D0DBC48A4A /* Pods */,
				C2870CF533469FB0D824624E /* Frameworks */,
			);
			sourceTree = "<group>";
		};
		0B7D926D29EEA03400A1504A /* Products */ = {
			isa = PBXGroup;
			children = (
				0B7D926C29EEA03400A1504A /* WorkTimeApp.app */,
			);
			name = Products;
			sourceTree = "<group>";
		};
		0B7D926E29EEA03400A1504A /* WorkTimeApp */ = {
			isa = PBXGroup;
			children = (
				0B7D928629F178B800A1504A /* Resources */,
				0B7D928429EEA09B00A1504A /* Application */,
				0B7D928329EEA07F00A1504A /* SupportingFiles */,
				0B7D927329EEA03400A1504A /* ViewController.swift */,
			);
			path = WorkTimeApp;
			sourceTree = "<group>";
		};
		0B7D928329EEA07F00A1504A /* SupportingFiles */ = {
			isa = PBXGroup;
			children = (
				0B7D927829EEA03600A1504A /* Assets.xcassets */,
				0B7D927A29EEA03600A1504A /* LaunchScreen.storyboard */,
				0B7D927D29EEA03600A1504A /* Info.plist */,
			);
			path = SupportingFiles;
			sourceTree = "<group>";
		};
		0B7D928429EEA09B00A1504A /* Application */ = {
			isa = PBXGroup;
			children = (
				0B7D926F29EEA03400A1504A /* AppDelegate.swift */,
				0B7D927129EEA03400A1504A /* SceneDelegate.swift */,
			);
			path = Application;
			sourceTree = "<group>";
		};
		0B7D928629F178B800A1504A /* Resources */ = {
			isa = PBXGroup;
			children = (
				0B7D928729F1793C00A1504A /* Generated */,
			);
			path = Resources;
			sourceTree = "<group>";
		};
		0B7D928729F1793C00A1504A /* Generated */ = {
			isa = PBXGroup;
			children = (
				0B7D928829F1798400A1504A /* R.generated.swift */,
			);
			path = Generated;
			sourceTree = "<group>";
		};
		C2870CF533469FB0D824624E /* Frameworks */ = {
			isa = PBXGroup;
			children = (
				06F39144500794B756D6FBCE /* Pods_WorkTimeApp.framework */,
			);
			name = Frameworks;
			sourceTree = "<group>";
		};
		CE761340011E81D0DBC48A4A /* Pods */ = {
			isa = PBXGroup;
			children = (
				9DAED0A3BDD44DBA00561811 /* Pods-WorkTimeApp.debug.xcconfig */,
				723438520060D203B74F79A7 /* Pods-WorkTimeApp.release.xcconfig */,
			);
			path = Pods;
			sourceTree = "<group>";
		};
/* End PBXGroup section */

/* Begin PBXNativeTarget section */
		0B7D926B29EEA03400A1504A /* WorkTimeApp */ = {
			isa = PBXNativeTarget;
			buildConfigurationList = 0B7D928029EEA03600A1504A /* Build configuration list for PBXNativeTarget "WorkTimeApp" */;
			buildPhases = (
				39C41A0C130C4C1CCF7482C6 /* [CP] Check Pods Manifest.lock */,
				0B7D926829EEA03400A1504A /* Sources */,
				0B7D926929EEA03400A1504A /* Frameworks */,
				0B7D926A29EEA03400A1504A /* Resources */,
				74CC7B8203E114DB7AEEA2DE /* [CP] Embed Pods Frameworks */,
				0B7D928529F1786200A1504A /* R Generate */,
			);
			buildRules = (
			);
			dependencies = (
			);
			name = WorkTimeApp;
			productName = WorkTimeApp;
			productReference = 0B7D926C29EEA03400A1504A /* WorkTimeApp.app */;
			productType = "com.apple.product-type.application";
		};
/* End PBXNativeTarget section */

/* Begin PBXProject section */
		0B7D926429EEA03300A1504A /* Project object */ = {
			isa = PBXProject;
			attributes = {
				BuildIndependentTargetsInParallel = 1;
				LastSwiftUpdateCheck = 1420;
				LastUpgradeCheck = 1420;
				TargetAttributes = {
					0B7D926B29EEA03400A1504A = {
						CreatedOnToolsVersion = 14.2;
					};
				};
			};
			buildConfigurationList = 0B7D926729EEA03300A1504A /* Build configuration list for PBXProject "WorkTimeApp" */;
			compatibilityVersion = "Xcode 14.0";
			developmentRegion = en;
			hasScannedForEncodings = 0;
			knownRegions = (
				en,
				Base,
			);
			mainGroup = 0B7D926329EEA03300A1504A;
			productRefGroup = 0B7D926D29EEA03400A1504A /* Products */;
			projectDirPath = "";
			projectRoot = "";
			targets = (
				0B7D926B29EEA03400A1504A /* WorkTimeApp */,
			);
		};
/* End PBXProject section */

/* Begin PBXResourcesBuildPhase section */
		0B7D926A29EEA03400A1504A /* Resources */ = {
			isa = PBXResourcesBuildPhase;
			buildActionMask = 2147483647;
			files = (
				0B7D927C29EEA03600A1504A /* LaunchScreen.storyboard in Resources */,
				0B7D927929EEA03600A1504A /* Assets.xcassets in Resources */,
			);
			runOnlyForDeploymentPostprocessing = 0;
		};
/* End PBXResourcesBuildPhase section */

/* Begin PBXShellScriptBuildPhase section */
		0B7D928529F1786200A1504A /* R Generate */ = {
			isa = PBXShellScriptBuildPhase;
			alwaysOutOfDate = 1;
			buildActionMask = 2147483647;
			files = (
			);
			inputFileListPaths = (
			);
			inputPaths = (
			);
			name = "R Generate";
			outputFileListPaths = (
			);
			outputPaths = (
			);
			runOnlyForDeploymentPostprocessing = 0;
			shellPath = /bin/sh;
			shellScript = "\"$PODS_ROOT/R.swift/rswift\" generate \"$SRCROOT/WorkTimeApp/Resources/Generated/R.generated.swift\"\n";
		};
		39C41A0C130C4C1CCF7482C6 /* [CP] Check Pods Manifest.lock */ = {
			isa = PBXShellScriptBuildPhase;
			buildActionMask = 2147483647;
			files = (
			);
			inputFileListPaths = (
			);
			inputPaths = (
				"${PODS_PODFILE_DIR_PATH}/Podfile.lock",
				"${PODS_ROOT}/Manifest.lock",
			);
			name = "[CP] Check Pods Manifest.lock";
			outputFileListPaths = (
			);
			outputPaths = (
				"$(DERIVED_FILE_DIR)/Pods-WorkTimeApp-checkManifestLockResult.txt",
			);
			runOnlyForDeploymentPostprocessing = 0;
			shellPath = /bin/sh;
			shellScript = "diff \"${PODS_PODFILE_DIR_PATH}/Podfile.lock\" \"${PODS_ROOT}/Manifest.lock\" > /dev/null\nif [ $? != 0 ] ; then\n    # print error to STDERR\n    echo \"error: The sandbox is not in sync with the Podfile.lock. Run 'pod install' or update your CocoaPods installation.\" >&2\n    exit 1\nfi\n# This output is used by Xcode 'outputs' to avoid re-running this script phase.\necho \"SUCCESS\" > \"${SCRIPT_OUTPUT_FILE_0}\"\n";
			showEnvVarsInLog = 0;
		};
		74CC7B8203E114DB7AEEA2DE /* [CP] Embed Pods Frameworks */ = {
			isa = PBXShellScriptBuildPhase;
			buildActionMask = 2147483647;
			files = (
			);
			inputFileListPaths = (
				"${PODS_ROOT}/Target Support Files/Pods-WorkTimeApp/Pods-WorkTimeApp-frameworks-${CONFIGURATION}-input-files.xcfilelist",
			);
			name = "[CP] Embed Pods Frameworks";
			outputFileListPaths = (
				"${PODS_ROOT}/Target Support Files/Pods-WorkTimeApp/Pods-WorkTimeApp-frameworks-${CONFIGURATION}-output-files.xcfilelist",
			);
			runOnlyForDeploymentPostprocessing = 0;
			shellPath = /bin/sh;
			shellScript = "\"${PODS_ROOT}/Target Support Files/Pods-WorkTimeApp/Pods-WorkTimeApp-frameworks.sh\"\n";
			showEnvVarsInLog = 0;
		};
/* End PBXShellScriptBuildPhase section */

/* Begin PBXSourcesBuildPhase section */
		0B7D926829EEA03400A1504A /* Sources */ = {
			isa = PBXSourcesBuildPhase;
			buildActionMask = 2147483647;
			files = (
				0B7D927429EEA03400A1504A /* ViewController.swift in Sources */,
				0B7D927029EEA03400A1504A /* AppDelegate.swift in Sources */,
				0B7D927229EEA03400A1504A /* SceneDelegate.swift in Sources */,
				0B7D928929F1798400A1504A /* R.generated.swift in Sources */,
			);
			runOnlyForDeploymentPostprocessing = 0;
		};
/* End PBXSourcesBuildPhase section */

/* Begin PBXVariantGroup section */
		0B7D927A29EEA03600A1504A /* LaunchScreen.storyboard */ = {
			isa = PBXVariantGroup;
			children = (
				0B7D927B29EEA03600A1504A /* Base */,
			);
			name = LaunchScreen.storyboard;
			sourceTree = "<group>";
		};
/* End PBXVariantGroup section */

/* Begin XCBuildConfiguration section */
		0B7D927E29EEA03600A1504A /* Debug */ = {
			isa = XCBuildConfiguration;
			buildSettings = {
				ALWAYS_SEARCH_USER_PATHS = NO;
				CLANG_ANALYZER_NONNULL = YES;
				CLANG_ANALYZER_NUMBER_OBJECT_CONVERSION = YES_AGGRESSIVE;
				CLANG_CXX_LANGUAGE_STANDARD = "gnu++20";
				CLANG_ENABLE_MODULES = YES;
				CLANG_ENABLE_OBJC_ARC = YES;
				CLANG_ENABLE_OBJC_WEAK = YES;
				CLANG_WARN_BLOCK_CAPTURE_AUTORELEASING = YES;
				CLANG_WARN_BOOL_CONVERSION = YES;
				CLANG_WARN_COMMA = YES;
				CLANG_WARN_CONSTANT_CONVERSION = YES;
				CLANG_WARN_DEPRECATED_OBJC_IMPLEMENTATIONS = YES;
				CLANG_WARN_DIRECT_OBJC_ISA_USAGE = YES_ERROR;
				CLANG_WARN_DOCUMENTATION_COMMENTS = YES;
				CLANG_WARN_EMPTY_BODY = YES;
				CLANG_WARN_ENUM_CONVERSION = YES;
				CLANG_WARN_INFINITE_RECURSION = YES;
				CLANG_WARN_INT_CONVERSION = YES;
				CLANG_WARN_NON_LITERAL_NULL_CONVERSION = YES;
				CLANG_WARN_OBJC_IMPLICIT_RETAIN_SELF = YES;
				CLANG_WARN_OBJC_LITERAL_CONVERSION = YES;
				CLANG_WARN_OBJC_ROOT_CLASS = YES_ERROR;
				CLANG_WARN_QUOTED_INCLUDE_IN_FRAMEWORK_HEADER = YES;
				CLANG_WARN_RANGE_LOOP_ANALYSIS = YES;
				CLANG_WARN_STRICT_PROTOTYPES = YES;
				CLANG_WARN_SUSPICIOUS_MOVE = YES;
				CLANG_WARN_UNGUARDED_AVAILABILITY = YES_AGGRESSIVE;
				CLANG_WARN_UNREACHABLE_CODE = YES;
				CLANG_WARN__DUPLICATE_METHOD_MATCH = YES;
				COPY_PHASE_STRIP = NO;
				DEBUG_INFORMATION_FORMAT = dwarf;
				ENABLE_STRICT_OBJC_MSGSEND = YES;
				ENABLE_TESTABILITY = YES;
				GCC_C_LANGUAGE_STANDARD = gnu11;
				GCC_DYNAMIC_NO_PIC = NO;
				GCC_NO_COMMON_BLOCKS = YES;
				GCC_OPTIMIZATION_LEVEL = 0;
				GCC_PREPROCESSOR_DEFINITIONS = (
					"DEBUG=1",
					"$(inherited)",
				);
				GCC_WARN_64_TO_32_BIT_CONVERSION = YES;
				GCC_WARN_ABOUT_RETURN_TYPE = YES_ERROR;
				GCC_WARN_UNDECLARED_SELECTOR = YES;
				GCC_WARN_UNINITIALIZED_AUTOS = YES_AGGRESSIVE;
				GCC_WARN_UNUSED_FUNCTION = YES;
				GCC_WARN_UNUSED_VARIABLE = YES;
				IPHONEOS_DEPLOYMENT_TARGET = 16.2;
				MTL_ENABLE_DEBUG_INFO = INCLUDE_SOURCE;
				MTL_FAST_MATH = YES;
				ONLY_ACTIVE_ARCH = YES;
				SDKROOT = iphoneos;
				SWIFT_ACTIVE_COMPILATION_CONDITIONS = DEBUG;
				SWIFT_OPTIMIZATION_LEVEL = "-Onone";
			};
			name = Debug;
		};
		0B7D927F29EEA03600A1504A /* Release */ = {
			isa = XCBuildConfiguration;
			buildSettings = {
				ALWAYS_SEARCH_USER_PATHS = NO;
				CLANG_ANALYZER_NONNULL = YES;
				CLANG_ANALYZER_NUMBER_OBJECT_CONVERSION = YES_AGGRESSIVE;
				CLANG_CXX_LANGUAGE_STANDARD = "gnu++20";
				CLANG_ENABLE_MODULES = YES;
				CLANG_ENABLE_OBJC_ARC = YES;
				CLANG_ENABLE_OBJC_WEAK = YES;
				CLANG_WARN_BLOCK_CAPTURE_AUTORELEASING = YES;
				CLANG_WARN_BOOL_CONVERSION = YES;
				CLANG_WARN_COMMA = YES;
				CLANG_WARN_CONSTANT_CONVERSION = YES;
				CLANG_WARN_DEPRECATED_OBJC_IMPLEMENTATIONS = YES;
				CLANG_WARN_DIRECT_OBJC_ISA_USAGE = YES_ERROR;
				CLANG_WARN_DOCUMENTATION_COMMENTS = YES;
				CLANG_WARN_EMPTY_BODY = YES;
				CLANG_WARN_ENUM_CONVERSION = YES;
				CLANG_WARN_INFINITE_RECURSION = YES;
				CLANG_WARN_INT_CONVERSION = YES;
				CLANG_WARN_NON_LITERAL_NULL_CONVERSION = YES;
				CLANG_WARN_OBJC_IMPLICIT_RETAIN_SELF = YES;
				CLANG_WARN_OBJC_LITERAL_CONVERSION = YES;
				CLANG_WARN_OBJC_ROOT_CLASS = YES_ERROR;
				CLANG_WARN_QUOTED_INCLUDE_IN_FRAMEWORK_HEADER = YES;
				CLANG_WARN_RANGE_LOOP_ANALYSIS = YES;
				CLANG_WARN_STRICT_PROTOTYPES = YES;
				CLANG_WARN_SUSPICIOUS_MOVE = YES;
				CLANG_WARN_UNGUARDED_AVAILABILITY = YES_AGGRESSIVE;
				CLANG_WARN_UNREACHABLE_CODE = YES;
				CLANG_WARN__DUPLICATE_METHOD_MATCH = YES;
				COPY_PHASE_STRIP = NO;
				DEBUG_INFORMATION_FORMAT = "dwarf-with-dsym";
				ENABLE_NS_ASSERTIONS = NO;
				ENABLE_STRICT_OBJC_MSGSEND = YES;
				GCC_C_LANGUAGE_STANDARD = gnu11;
				GCC_NO_COMMON_BLOCKS = YES;
				GCC_WARN_64_TO_32_BIT_CONVERSION = YES;
				GCC_WARN_ABOUT_RETURN_TYPE = YES_ERROR;
				GCC_WARN_UNDECLARED_SELECTOR = YES;
				GCC_WARN_UNINITIALIZED_AUTOS = YES_AGGRESSIVE;
				GCC_WARN_UNUSED_FUNCTION = YES;
				GCC_WARN_UNUSED_VARIABLE = YES;
				IPHONEOS_DEPLOYMENT_TARGET = 16.2;
				MTL_ENABLE_DEBUG_INFO = NO;
				MTL_FAST_MATH = YES;
				SDKROOT = iphoneos;
				SWIFT_COMPILATION_MODE = wholemodule;
				SWIFT_OPTIMIZATION_LEVEL = "-O";
				VALIDATE_PRODUCT = YES;
			};
			name = Release;
		};
		0B7D928129EEA03600A1504A /* Debug */ = {
			isa = XCBuildConfiguration;
			baseConfigurationReference = 9DAED0A3BDD44DBA00561811 /* Pods-WorkTimeApp.debug.xcconfig */;
			buildSettings = {
				ASSETCATALOG_COMPILER_APPICON_NAME = AppIcon;
				ASSETCATALOG_COMPILER_GLOBAL_ACCENT_COLOR_NAME = AccentColor;
				CODE_SIGN_STYLE = Automatic;
				CURRENT_PROJECT_VERSION = 1;
				DEVELOPMENT_TEAM = GPPP47UYG3;
				GENERATE_INFOPLIST_FILE = YES;
				INFOPLIST_FILE = WorkTimeApp/SupportingFiles/Info.plist;
				INFOPLIST_KEY_UIApplicationSupportsIndirectInputEvents = YES;
				INFOPLIST_KEY_UILaunchStoryboardName = LaunchScreen;
				INFOPLIST_KEY_UIMainStoryboardFile = "";
				INFOPLIST_KEY_UISupportedInterfaceOrientations = UIInterfaceOrientationPortrait;
				INFOPLIST_KEY_UISupportedInterfaceOrientations_iPad = "UIInterfaceOrientationLandscapeLeft UIInterfaceOrientationLandscapeRight UIInterfaceOrientationPortrait UIInterfaceOrientationPortraitUpsideDown";
				IPHONEOS_DEPLOYMENT_TARGET = 14.0;
				LD_RUNPATH_SEARCH_PATHS = (
					"$(inherited)",
					"@executable_path/Frameworks",
				);
				MARKETING_VERSION = 1.0;
				PRODUCT_BUNDLE_IDENTIFIER = havvk01.WorkTimeApp;
				PRODUCT_NAME = "$(TARGET_NAME)";
				SWIFT_EMIT_LOC_STRINGS = YES;
				SWIFT_VERSION = 5.0;
				TARGETED_DEVICE_FAMILY = "1,2";
			};
			name = Debug;
		};
		0B7D928229EEA03600A1504A /* Release */ = {
			isa = XCBuildConfiguration;
			baseConfigurationReference = 723438520060D203B74F79A7 /* Pods-WorkTimeApp.release.xcconfig */;
			buildSettings = {
				ASSETCATALOG_COMPILER_APPICON_NAME = AppIcon;
				ASSETCATALOG_COMPILER_GLOBAL_ACCENT_COLOR_NAME = AccentColor;
				CODE_SIGN_STYLE = Automatic;
				CURRENT_PROJECT_VERSION = 1;
				DEVELOPMENT_TEAM = GPPP47UYG3;
				GENERATE_INFOPLIST_FILE = YES;
				INFOPLIST_FILE = WorkTimeApp/SupportingFiles/Info.plist;
				INFOPLIST_KEY_UIApplicationSupportsIndirectInputEvents = YES;
				INFOPLIST_KEY_UILaunchStoryboardName = LaunchScreen;
				INFOPLIST_KEY_UIMainStoryboardFile = "";
				INFOPLIST_KEY_UISupportedInterfaceOrientations = UIInterfaceOrientationPortrait;
				INFOPLIST_KEY_UISupportedInterfaceOrientations_iPad = "UIInterfaceOrientationLandscapeLeft UIInterfaceOrientationLandscapeRight UIInterfaceOrientationPortrait UIInterfaceOrientationPortraitUpsideDown";
				IPHONEOS_DEPLOYMENT_TARGET = 14.0;
				LD_RUNPATH_SEARCH_PATHS = (
					"$(inherited)",
					"@executable_path/Frameworks",
				);
				MARKETING_VERSION = 1.0;
				PRODUCT_BUNDLE_IDENTIFIER = havvk01.WorkTimeApp;
				PRODUCT_NAME = "$(TARGET_NAME)";
				SWIFT_EMIT_LOC_STRINGS = YES;
				SWIFT_VERSION = 5.0;
				TARGETED_DEVICE_FAMILY = "1,2";
			};
			name = Release;
		};
/* End XCBuildConfiguration section */

/* Begin XCConfigurationList section */
		0B7D926729EEA03300A1504A /* Build configuration list for PBXProject "WorkTimeApp" */ = {
			isa = XCConfigurationList;
			buildConfigurations = (
				0B7D927E29EEA03600A1504A /* Debug */,
				0B7D927F29EEA03600A1504A /* Release */,
			);
			defaultConfigurationIsVisible = 0;
			defaultConfigurationName = Release;
		};
		0B7D928029EEA03600A1504A /* Build configuration list for PBXNativeTarget "WorkTimeApp" */ = {
			isa = XCConfigurationList;
			buildConfigurations = (
				0B7D928129EEA03600A1504A /* Debug */,
				0B7D928229EEA03600A1504A /* Release */,
			);
			defaultConfigurationIsVisible = 0;
			defaultConfigurationName = Release;
		};
/* End XCConfigurationList section */
	};
	rootObject = 0B7D926429EEA03300A1504A /* Project object */;
}
